
Microsoft Visual Studio Solution File, Format Version 12.00
# Visual Studio Version 17
VisualStudioVersion = 17.14.36408.4 d17.14
MinimumVisualStudioVersion = 10.0.40219.1
Project("{888888A0-9F3D-457C-B088-3A5042F75D52}") = "Python式食材食譜管理小系統", "Python式食材食譜管理小系統\Python式食材食譜管理小系統.pyproj", "{604428A7-BEDA-488E-AF27-A19E435FCD85}"
EndProject
Global
	GlobalSection(SolutionConfigurationPlatforms) = preSolution
		Debug|Any CPU = Debug|Any CPU
		Release|Any CPU = Release|Any CPU
	EndGlobalSection
	GlobalSection(ProjectConfigurationPlatforms) = postSolution
		{604428A7-BEDA-488E-AF27-A19E435FCD85}.Debug|Any CPU.ActiveCfg = Debug|Any CPU
		{604428A7-BEDA-488E-AF27-A19E435FCD85}.Debug|Any CPU.Build.0 = Debug|Any CPU
		{604428A7-BEDA-488E-AF27-A19E435FCD85}.Release|Any CPU.ActiveCfg = Release|Any CPU
		{604428A7-BEDA-488E-AF27-A19E435FCD85}.Release|Any CPU.Build.0 = Release|Any CPU
	EndGlobalSection
	GlobalSection(SolutionProperties) = preSolution
		HideSolutionNode = FALSE
	EndGlobalSection
	GlobalSection(ExtensibilityGlobals) = postSolution
		SolutionGuid = {848CEC8C-0E04-4B59-BF80-7EECC020BF5D}
	EndGlobalSection
EndGlobal
